
Microsoft Visual Studio Solution File, Format Version 12.00
# Visual Studio Version 17
VisualStudioVersion = 17.8.34309.116
MinimumVisualStudioVersion = 10.0.40219.1
Project("{9A19103F-16F7-4668-BE54-9A1E7A4F7556}") = "Vilmar.Realtime.Chat", "Vilmar.Realtime.Chat\Vilmar.Realtime.Chat.csproj", "{7B91FD25-1D09-453B-8DCA-1640BB26A0B1}"
EndProject
Global
	GlobalSection(SolutionConfigurationPlatforms) = preSolution
		Debug|Any CPU = Debug|Any CPU
		Release|Any CPU = Release|Any CPU
	EndGlobalSection
	GlobalSection(ProjectConfigurationPlatforms) = postSolution
		{7B91FD25-1D09-453B-8DCA-1640BB26A0B1}.Debug|Any CPU.ActiveCfg = Debug|Any CPU
		{7B91FD25-1D09-453B-8DCA-1640BB26A0B1}.Debug|Any CPU.Build.0 = Debug|Any CPU
		{7B91FD25-1D09-453B-8DCA-1640BB26A0B1}.Release|Any CPU.ActiveCfg = Release|Any CPU
		{7B91FD25-1D09-453B-8DCA-1640BB26A0B1}.Release|Any CPU.Build.0 = Release|Any CPU
	EndGlobalSection
	GlobalSection(SolutionProperties) = preSolution
		HideSolutionNode = FALSE
	EndGlobalSection
	GlobalSection(ExtensibilityGlobals) = postSolution
		SolutionGuid = {84D43E4A-0175-4A88-9BAF-A7DA7E19BBA0}
	EndGlobalSection
EndGlobal
